
Microsoft Visual Studio Solution File, Format Version 12.00
# Visual Studio Version 16
VisualStudioVersion = 16.0.32106.194
MinimumVisualStudioVersion = 10.0.40219.1
Project("{FAE04EC0-301F-11D3-BF4B-00C04F79EFBC}") = "inter", "inter\inter.csproj", "{F395749D-F004-4F5C-B3C6-16B559D5111A}"
EndProject
Global
	GlobalSection(SolutionConfigurationPlatforms) = preSolution
		Debug|Any CPU = Debug|Any CPU
		Release|Any CPU = Release|Any CPU
	EndGlobalSection
	GlobalSection(ProjectConfigurationPlatforms) = postSolution
		{F395749D-F004-4F5C-B3C6-16B559D5111A}.Debug|Any CPU.ActiveCfg = Debug|Any CPU
		{F395749D-F004-4F5C-B3C6-16B559D5111A}.Debug|Any CPU.Build.0 = Debug|Any CPU
		{F395749D-F004-4F5C-B3C6-16B559D5111A}.Release|Any CPU.ActiveCfg = Release|Any CPU
		{F395749D-F004-4F5C-B3C6-16B559D5111A}.Release|Any CPU.Build.0 = Release|Any CPU
	EndGlobalSection
	GlobalSection(SolutionProperties) = preSolution
		HideSolutionNode = FALSE
	EndGlobalSection
	GlobalSection(ExtensibilityGlobals) = postSolution
		SolutionGuid = {2D9B3968-316A-4125-9494-9B575BC6B871}
	EndGlobalSection
EndGlobal
